// !$*UTF8*$!
{
	archiveVersion = 1;
	classes = {
	};
	objectVersion = 55;
	objects = {

/* Begin PBXBuildFile section */
		BD0C94772779C0A700AD170D /* TabItem.swift in Sources */ = {isa = PBXBuildFile; fileRef = BD0C94762779C0A700AD170D /* TabItem.swift */; };
		BD0C947A2779D6BD00AD170D /* colorSky.ttf in Resources */ = {isa = PBXBuildFile; fileRef = BD0C94792779D6BD00AD170D /* colorSky.ttf */; };
		BD0C947D2779D7A500AD170D /* IconFont.swift in Sources */ = {isa = PBXBuildFile; fileRef = BD0C947C2779D7A500AD170D /* IconFont.swift */; };
		BD0C94802779E25500AD170D /* Color++.swift in Sources */ = {isa = PBXBuildFile; fileRef = BD0C947F2779E25500AD170D /* Color++.swift */; };
		BD0FE8502770A711008A0459 /* SwiftUI_DouBanApp.swift in Sources */ = {isa = PBXBuildFile; fileRef = BD0FE84F2770A711008A0459 /* SwiftUI_DouBanApp.swift */; };
		BD0FE8542770A712008A0459 /* Assets.xcassets in Resources */ = {isa = PBXBuildFile; fileRef = BD0FE8532770A712008A0459 /* Assets.xcassets */; };
		BD0FE8572770A712008A0459 /* Preview Assets.xcassets in Resources */ = {isa = PBXBuildFile; fileRef = BD0FE8562770A712008A0459 /* Preview Assets.xcassets */; };
		BD46337C27B39B4A00FDD917 /* HomeTest.swift in Sources */ = {isa = PBXBuildFile; fileRef = BD46337B27B39B4A00FDD917 /* HomeTest.swift */; };
		BD46337E27B3A7D700FDD917 /* DouBan.swift in Sources */ = {isa = PBXBuildFile; fileRef = BD46337D27B3A7D700FDD917 /* DouBan.swift */; };
		BD50B01E277AA5EF00D37E68 /* HomeHeader.swift in Sources */ = {isa = PBXBuildFile; fileRef = BD50B01D277AA5EF00D37E68 /* HomeHeader.swift */; };
		BD50B020277AA60000D37E68 /* HomeBody.swift in Sources */ = {isa = PBXBuildFile; fileRef = BD50B01F277AA60000D37E68 /* HomeBody.swift */; };
		BDC1C86A2779683400783559 /* RootView.swift in Sources */ = {isa = PBXBuildFile; fileRef = BDC1C8692779683400783559 /* RootView.swift */; };
		BDC1C871277968FA00783559 /* HomeView.swift in Sources */ = {isa = PBXBuildFile; fileRef = BDC1C870277968FA00783559 /* HomeView.swift */; };
		BDC1C8742779691100783559 /* Module2.swift in Sources */ = {isa = PBXBuildFile; fileRef = BDC1C8732779691100783559 /* Module2.swift */; };
		BDC1C8762779692500783559 /* Module3.swift in Sources */ = {isa = PBXBuildFile; fileRef = BDC1C8752779692500783559 /* Module3.swift */; };
		BDC1C8782779693400783559 /* Module4.swift in Sources */ = {isa = PBXBuildFile; fileRef = BDC1C8772779693400783559 /* Module4.swift */; };
		BDC1C87A2779694500783559 /* Module5.swift in Sources */ = {isa = PBXBuildFile; fileRef = BDC1C8792779694500783559 /* Module5.swift */; };
/* End PBXBuildFile section */

/* Begin PBXFileReference section */
		BD0C94762779C0A700AD170D /* TabItem.swift */ = {isa = PBXFileReference; lastKnownFileType = sourcecode.swift; path = TabItem.swift; sourceTree = "<group>"; };
		BD0C94792779D6BD00AD170D /* colorSky.ttf */ = {isa = PBXFileReference; lastKnownFileType = file; path = colorSky.ttf; sourceTree = "<group>"; };
		BD0C947B2779D72200AD170D /* Info.plist */ = {isa = PBXFileReference; lastKnownFileType = text.plist; path = Info.plist; sourceTree = "<group>"; };
		BD0C947C2779D7A500AD170D /* IconFont.swift */ = {isa = PBXFileReference; lastKnownFileType = sourcecode.swift; path = IconFont.swift; sourceTree = "<group>"; };
		BD0C947F2779E25500AD170D /* Color++.swift */ = {isa = PBXFileReference; lastKnownFileType = sourcecode.swift; path = "Color++.swift"; sourceTree = "<group>"; };
		BD0FE84C2770A711008A0459 /* SwiftUI-DouBan.app */ = {isa = PBXFileReference; explicitFileType = wrapper.application; includeInIndex = 0; path = "SwiftUI-DouBan.app"; sourceTree = BUILT_PRODUCTS_DIR; };
		BD0FE84F2770A711008A0459 /* SwiftUI_DouBanApp.swift */ = {isa = PBXFileReference; lastKnownFileType = sourcecode.swift; path = SwiftUI_DouBanApp.swift; sourceTree = "<group>"; };
		BD0FE8532770A712008A0459 /* Assets.xcassets */ = {isa = PBXFileReference; lastKnownFileType = folder.assetcatalog; path = Assets.xcassets; sourceTree = "<group>"; };
		BD0FE8562770A712008A0459 /* Preview Assets.xcassets */ = {isa = PBXFileReference; lastKnownFileType = folder.assetcatalog; path = "Preview Assets.xcassets"; sourceTree = "<group>"; };
		BD46337B27B39B4A00FDD917 /* HomeTest.swift */ = {isa = PBXFileReference; lastKnownFileType = sourcecode.swift; path = HomeTest.swift; sourceTree = "<group>"; };
		BD46337D27B3A7D700FDD917 /* DouBan.swift */ = {isa = PBXFileReference; lastKnownFileType = sourcecode.swift; path = DouBan.swift; sourceTree = "<group>"; };
		BD50B01D277AA5EF00D37E68 /* HomeHeader.swift */ = {isa = PBXFileReference; lastKnownFileType = sourcecode.swift; path = HomeHeader.swift; sourceTree = "<group>"; };
		BD50B01F277AA60000D37E68 /* HomeBody.swift */ = {isa = PBXFileReference; lastKnownFileType = sourcecode.swift; path = HomeBody.swift; sourceTree = "<group>"; };
		BDC1C8692779683400783559 /* RootView.swift */ = {isa = PBXFileReference; lastKnownFileType = sourcecode.swift; path = RootView.swift; sourceTree = "<group>"; };
		BDC1C870277968FA00783559 /* HomeView.swift */ = {isa = PBXFileReference; lastKnownFileType = sourcecode.swift; path = HomeView.swift; sourceTree = "<group>"; };
		BDC1C8732779691100783559 /* Module2.swift */ = {isa = PBXFileReference; lastKnownFileType = sourcecode.swift; path = Module2.swift; sourceTree = "<group>"; };
		BDC1C8752779692500783559 /* Module3.swift */ = {isa = PBXFileReference; lastKnownFileType = sourcecode.swift; path = Module3.swift; sourceTree = "<group>"; };
		BDC1C8772779693400783559 /* Module4.swift */ = {isa = PBXFileReference; lastKnownFileType = sourcecode.swift; path = Module4.swift; sourceTree = "<group>"; };
		BDC1C8792779694500783559 /* Module5.swift */ = {isa = PBXFileReference; lastKnownFileType = sourcecode.swift; path = Module5.swift; sourceTree = "<group>"; };
/* End PBXFileReference section */

/* Begin PBXFrameworksBuildPhase section */
		BD0FE8492770A711008A0459 /* Frameworks */ = {
			isa = PBXFrameworksBuildPhase;
			buildActionMask = 2147483647;
			files = (
			);
			runOnlyForDeploymentPostprocessing = 0;
		};
/* End PBXFrameworksBuildPhase section */

/* Begin PBXGroup section */
		BD0C94752779C08300AD170D /* Global */ = {
			isa = PBXGroup;
			children = (
				BD0C94762779C0A700AD170D /* TabItem.swift */,
				BD0C947C2779D7A500AD170D /* IconFont.swift */,
				BD46337D27B3A7D700FDD917 /* DouBan.swift */,
			);
			path = Global;
			sourceTree = "<group>";
		};
		BD0C94782779D6AC00AD170D /* Resource */ = {
			isa = PBXGroup;
			children = (
				BD0C94792779D6BD00AD170D /* colorSky.ttf */,
			);
			path = Resource;
			sourceTree = "<group>";
		};
		BD0C947E2779E24400AD170D /* Extension */ = {
			isa = PBXGroup;
			children = (
				BD0C947F2779E25500AD170D /* Color++.swift */,
			);
			path = Extension;
			sourceTree = "<group>";
		};
		BD0FE8432770A711008A0459 = {
			isa = PBXGroup;
			children = (
				BD0FE84E2770A711008A0459 /* SwiftUI-DouBan */,
				BD0FE84D2770A711008A0459 /* Products */,
			);
			sourceTree = "<group>";
		};
		BD0FE84D2770A711008A0459 /* Products */ = {
			isa = PBXGroup;
			children = (
				BD0FE84C2770A711008A0459 /* SwiftUI-DouBan.app */,
			);
			name = Products;
			sourceTree = "<group>";
		};
		BD0FE84E2770A711008A0459 /* SwiftUI-DouBan */ = {
			isa = PBXGroup;
			children = (
				BD0C947E2779E24400AD170D /* Extension */,
				BD0C947B2779D72200AD170D /* Info.plist */,
				BD0C94782779D6AC00AD170D /* Resource */,
				BD0C94752779C08300AD170D /* Global */,
				BDC1C8682779681500783559 /* Module */,
				BD0FE84F2770A711008A0459 /* SwiftUI_DouBanApp.swift */,
				BD0FE8532770A712008A0459 /* Assets.xcassets */,
				BD0FE8552770A712008A0459 /* Preview Content */,
			);
			path = "SwiftUI-DouBan";
			sourceTree = "<group>";
		};
		BD0FE8552770A712008A0459 /* Preview Content */ = {
			isa = PBXGroup;
			children = (
				BD0FE8562770A712008A0459 /* Preview Assets.xcassets */,
			);
			path = "Preview Content";
			sourceTree = "<group>";
		};
		BDC1C8682779681500783559 /* Module */ = {
			isa = PBXGroup;
			children = (
				BDC1C86F277968E600783559 /* Module5 */,
				BDC1C86E277968E000783559 /* Module4 */,
				BDC1C86D277968DA00783559 /* Module3 */,
				BDC1C86C277968CF00783559 /* Module2 */,
				BDC1C86B277968C800783559 /* Home */,
				BDC1C8692779683400783559 /* RootView.swift */,
			);
			path = Module;
			sourceTree = "<group>";
		};
		BDC1C86B277968C800783559 /* Home */ = {
			isa = PBXGroup;
			children = (
				BDC1C870277968FA00783559 /* HomeView.swift */,
				BD50B01D277AA5EF00D37E68 /* HomeHeader.swift */,
				BD50B01F277AA60000D37E68 /* HomeBody.swift */,
				BD46337B27B39B4A00FDD917 /* HomeTest.swift */,
			);
			path = Home;
			sourceTree = "<group>";
		};
		BDC1C86C277968CF00783559 /* Module2 */ = {
			isa = PBXGroup;
			children = (
				BDC1C8732779691100783559 /* Module2.swift */,
			);
			path = Module2;
			sourceTree = "<group>";
		};
		BDC1C86D277968DA00783559 /* Module3 */ = {
			isa = PBXGroup;
			children = (
				BDC1C8752779692500783559 /* Module3.swift */,
			);
			path = Module3;
			sourceTree = "<group>";
		};
		BDC1C86E277968E000783559 /* Module4 */ = {
			isa = PBXGroup;
			children = (
				BDC1C8772779693400783559 /* Module4.swift */,
			);
			path = Module4;
			sourceTree = "<group>";
		};
		BDC1C86F277968E600783559 /* Module5 */ = {
			isa = PBXGroup;
			children = (
				BDC1C8792779694500783559 /* Module5.swift */,
			);
			path = Module5;
			sourceTree = "<group>";
		};
/* End PBXGroup section */

/* Begin PBXNativeTarget section */
		BD0FE84B2770A711008A0459 /* SwiftUI-DouBan */ = {
			isa = PBXNativeTarget;
			buildConfigurationList = BD0FE85A2770A712008A0459 /* Build configuration list for PBXNativeTarget "SwiftUI-DouBan" */;
			buildPhases = (
				BD0FE8482770A711008A0459 /* Sources */,
				BD0FE8492770A711008A0459 /* Frameworks */,
				BD0FE84A2770A711008A0459 /* Resources */,
			);
			buildRules = (
			);
			dependencies = (
			);
			name = "SwiftUI-DouBan";
			productName = "SwiftUI-DouBan";
			productReference = BD0FE84C2770A711008A0459 /* SwiftUI-DouBan.app */;
			productType = "com.apple.product-type.application";
		};
/* End PBXNativeTarget section */

/* Begin PBXProject section */
		BD0FE8442770A711008A0459 /* Project object */ = {
			isa = PBXProject;
			attributes = {
				BuildIndependentTargetsInParallel = 1;
				LastSwiftUpdateCheck = 1300;
				LastUpgradeCheck = 1300;
				TargetAttributes = {
					BD0FE84B2770A711008A0459 = {
						CreatedOnToolsVersion = 13.0;
					};
				};
			};
			buildConfigurationList = BD0FE8472770A711008A0459 /* Build configuration list for PBXProject "SwiftUI-DouBan" */;
			compatibilityVersion = "Xcode 13.0";
			developmentRegion = en;
			hasScannedForEncodings = 0;
			knownRegions = (
				en,
				Base,
			);
			mainGroup = BD0FE8432770A711008A0459;
			packageReferences = (
			);
			productRefGroup = BD0FE84D2770A711008A0459 /* Products */;
			projectDirPath = "";
			projectRoot = "";
			targets = (
				BD0FE84B2770A711008A0459 /* SwiftUI-DouBan */,
			);
		};
/* End PBXProject section */

/* Begin PBXResourcesBuildPhase section */
		BD0FE84A2770A711008A0459 /* Resources */ = {
			isa = PBXResourcesBuildPhase;
			buildActionMask = 2147483647;
			files = (
				BD0FE8572770A712008A0459 /* Preview Assets.xcassets in Resources */,
				BD0FE8542770A712008A0459 /* Assets.xcassets in Resources */,
				BD0C947A2779D6BD00AD170D /* colorSky.ttf in Resources */,
			);
			runOnlyForDeploymentPostprocessing = 0;
		};
/* End PBXResourcesBuildPhase section */

/* Begin PBXSourcesBuildPhase section */
		BD0FE8482770A711008A0459 /* Sources */ = {
			isa = PBXSourcesBuildPhase;
			buildActionMask = 2147483647;
			files = (
				BDC1C8762779692500783559 /* Module3.swift in Sources */,
				BD0C947D2779D7A500AD170D /* IconFont.swift in Sources */,
				BDC1C8742779691100783559 /* Module2.swift in Sources */,
				BDC1C87A2779694500783559 /* Module5.swift in Sources */,
				BDC1C871277968FA00783559 /* HomeView.swift in Sources */,
				BDC1C8782779693400783559 /* Module4.swift in Sources */,
				BD0FE8502770A711008A0459 /* SwiftUI_DouBanApp.swift in Sources */,
				BD46337E27B3A7D700FDD917 /* DouBan.swift in Sources */,
				BDC1C86A2779683400783559 /* RootView.swift in Sources */,
				BD50B020277AA60000D37E68 /* HomeBody.swift in Sources */,
				BD0C94772779C0A700AD170D /* TabItem.swift in Sources */,
				BD50B01E277AA5EF00D37E68 /* HomeHeader.swift in Sources */,
				BD46337C27B39B4A00FDD917 /* HomeTest.swift in Sources */,
				BD0C94802779E25500AD170D /* Color++.swift in Sources */,
			);
			runOnlyForDeploymentPostprocessing = 0;
		};
/* End PBXSourcesBuildPhase section */

/* Begin XCBuildConfiguration section */
		BD0FE8582770A712008A0459 /* Debug */ = {
			isa = XCBuildConfiguration;
			buildSettings = {
				ALWAYS_SEARCH_USER_PATHS = NO;
				CLANG_ANALYZER_NONNULL = YES;
				CLANG_ANALYZER_NUMBER_OBJECT_CONVERSION = YES_AGGRESSIVE;
				CLANG_CXX_LANGUAGE_STANDARD = "gnu++17";
				CLANG_CXX_LIBRARY = "libc++";
				CLANG_ENABLE_MODULES = YES;
				CLANG_ENABLE_OBJC_ARC = YES;
				CLANG_ENABLE_OBJC_WEAK = YES;
				CLANG_WARN_BLOCK_CAPTURE_AUTORELEASING = YES;
				CLANG_WARN_BOOL_CONVERSION = YES;
				CLANG_WARN_COMMA = YES;
				CLANG_WARN_CONSTANT_CONVERSION = YES;
				CLANG_WARN_DEPRECATED_OBJC_IMPLEMENTATIONS = YES;
				CLANG_WARN_DIRECT_OBJC_ISA_USAGE = YES_ERROR;
				CLANG_WARN_DOCUMENTATION_COMMENTS = YES;
				CLANG_WARN_EMPTY_BODY = YES;
				CLANG_WARN_ENUM_CONVERSION = YES;
				CLANG_WARN_INFINITE_RECURSION = YES;
				CLANG_WARN_INT_CONVERSION = YES;
				CLANG_WARN_NON_LITERAL_NULL_CONVERSION = YES;
				CLANG_WARN_OBJC_IMPLICIT_RETAIN_SELF = YES;
				CLANG_WARN_OBJC_LITERAL_CONVERSION = YES;
				CLANG_WARN_OBJC_ROOT_CLASS = YES_ERROR;
				CLANG_WARN_QUOTED_INCLUDE_IN_FRAMEWORK_HEADER = YES;
				CLANG_WARN_RANGE_LOOP_ANALYSIS = YES;
				CLANG_WARN_STRICT_PROTOTYPES = YES;
				CLANG_WARN_SUSPICIOUS_MOVE = YES;
				CLANG_WARN_UNGUARDED_AVAILABILITY = YES_AGGRESSIVE;
				CLANG_WARN_UNREACHABLE_CODE = YES;
				CLANG_WARN__DUPLICATE_METHOD_MATCH = YES;
				COPY_PHASE_STRIP = NO;
				DEBUG_INFORMATION_FORMAT = dwarf;
				ENABLE_STRICT_OBJC_MSGSEND = YES;
				ENABLE_TESTABILITY = YES;
				GCC_C_LANGUAGE_STANDARD = gnu11;
				GCC_DYNAMIC_NO_PIC = NO;
				GCC_NO_COMMON_BLOCKS = YES;
				GCC_OPTIMIZATION_LEVEL = 0;
				GCC_PREPROCESSOR_DEFINITIONS = (
					"DEBUG=1",
					"$(inherited)",
				);
				GCC_WARN_64_TO_32_BIT_CONVERSION = YES;
				GCC_WARN_ABOUT_RETURN_TYPE = YES_ERROR;
				GCC_WARN_UNDECLARED_SELECTOR = YES;
				GCC_WARN_UNINITIALIZED_AUTOS = YES_AGGRESSIVE;
				GCC_WARN_UNUSED_FUNCTION = YES;
				GCC_WARN_UNUSED_VARIABLE = YES;
				IPHONEOS_DEPLOYMENT_TARGET = 15.0;
				MTL_ENABLE_DEBUG_INFO = INCLUDE_SOURCE;
				MTL_FAST_MATH = YES;
				ONLY_ACTIVE_ARCH = YES;
				SDKROOT = iphoneos;
				SWIFT_ACTIVE_COMPILATION_CONDITIONS = DEBUG;
				SWIFT_OPTIMIZATION_LEVEL = "-Onone";
			};
			name = Debug;
		};
		BD0FE8592770A712008A0459 /* Release */ = {
			isa = XCBuildConfiguration;
			buildSettings = {
				ALWAYS_SEARCH_USER_PATHS = NO;
				CLANG_ANALYZER_NONNULL = YES;
				CLANG_ANALYZER_NUMBER_OBJECT_CONVERSION = YES_AGGRESSIVE;
				CLANG_CXX_LANGUAGE_STANDARD = "gnu++17";
				CLANG_CXX_LIBRARY = "libc++";
				CLANG_ENABLE_MODULES = YES;
				CLANG_ENABLE_OBJC_ARC = YES;
				CLANG_ENABLE_OBJC_WEAK = YES;
				CLANG_WARN_BLOCK_CAPTURE_AUTORELEASING = YES;
				CLANG_WARN_BOOL_CONVERSION = YES;
				CLANG_WARN_COMMA = YES;
				CLANG_WARN_CONSTANT_CONVERSION = YES;
				CLANG_WARN_DEPRECATED_OBJC_IMPLEMENTATIONS = YES;
				CLANG_WARN_DIRECT_OBJC_ISA_USAGE = YES_ERROR;
				CLANG_WARN_DOCUMENTATION_COMMENTS = YES;
				CLANG_WARN_EMPTY_BODY = YES;
				CLANG_WARN_ENUM_CONVERSION = YES;
				CLANG_WARN_INFINITE_RECURSION = YES;
				CLANG_WARN_INT_CONVERSION = YES;
				CLANG_WARN_NON_LITERAL_NULL_CONVERSION = YES;
				CLANG_WARN_OBJC_IMPLICIT_RETAIN_SELF = YES;
				CLANG_WARN_OBJC_LITERAL_CONVERSION = YES;
				CLANG_WARN_OBJC_ROOT_CLASS = YES_ERROR;
				CLANG_WARN_QUOTED_INCLUDE_IN_FRAMEWORK_HEADER = YES;
				CLANG_WARN_RANGE_LOOP_ANALYSIS = YES;
				CLANG_WARN_STRICT_PROTOTYPES = YES;
				CLANG_WARN_SUSPICIOUS_MOVE = YES;
				CLANG_WARN_UNGUARDED_AVAILABILITY = YES_AGGRESSIVE;
				CLANG_WARN_UNREACHABLE_CODE = YES;
				CLANG_WARN__DUPLICATE_METHOD_MATCH = YES;
				COPY_PHASE_STRIP = NO;
				DEBUG_INFORMATION_FORMAT = "dwarf-with-dsym";
				ENABLE_NS_ASSERTIONS = NO;
				ENABLE_STRICT_OBJC_MSGSEND = YES;
				GCC_C_LANGUAGE_STANDARD = gnu11;
				GCC_NO_COMMON_BLOCKS = YES;
				GCC_WARN_64_TO_32_BIT_CONVERSION = YES;
				GCC_WARN_ABOUT_RETURN_TYPE = YES_ERROR;
				GCC_WARN_UNDECLARED_SELECTOR = YES;
				GCC_WARN_UNINITIALIZED_AUTOS = YES_AGGRESSIVE;
				GCC_WARN_UNUSED_FUNCTION = YES;
				GCC_WARN_UNUSED_VARIABLE = YES;
				IPHONEOS_DEPLOYMENT_TARGET = 15.0;
				MTL_ENABLE_DEBUG_INFO = NO;
				MTL_FAST_MATH = YES;
				SDKROOT = iphoneos;
				SWIFT_COMPILATION_MODE = wholemodule;
				SWIFT_OPTIMIZATION_LEVEL = "-O";
				VALIDATE_PRODUCT = YES;
			};
			name = Release;
		};
		BD0FE85B2770A712008A0459 /* Debug */ = {
			isa = XCBuildConfiguration;
			buildSettings = {
				ASSETCATALOG_COMPILER_APPICON_NAME = AppIcon;
				ASSETCATALOG_COMPILER_GLOBAL_ACCENT_COLOR_NAME = AccentColor;
				CODE_SIGN_STYLE = Automatic;
				CURRENT_PROJECT_VERSION = 1;
				DEVELOPMENT_ASSET_PATHS = "\"SwiftUI-DouBan/Preview Content\"";
				DEVELOPMENT_TEAM = 75Q47SWD7J;
				ENABLE_PREVIEWS = YES;
				GENERATE_INFOPLIST_FILE = YES;
				INFOPLIST_FILE = "SwiftUI-DouBan/Info.plist";
				INFOPLIST_KEY_UIApplicationSceneManifest_Generation = YES;
				INFOPLIST_KEY_UIApplicationSupportsIndirectInputEvents = YES;
				INFOPLIST_KEY_UILaunchScreen_Generation = YES;
				INFOPLIST_KEY_UISupportedInterfaceOrientations_iPad = "UIInterfaceOrientationPortrait UIInterfaceOrientationPortraitUpsideDown UIInterfaceOrientationLandscapeLeft UIInterfaceOrientationLandscapeRight";
				INFOPLIST_KEY_UISupportedInterfaceOrientations_iPhone = "UIInterfaceOrientationPortrait UIInterfaceOrientationLandscapeLeft UIInterfaceOrientationLandscapeRight";
				IPHONEOS_DEPLOYMENT_TARGET = 14.0;
				LD_RUNPATH_SEARCH_PATHS = (
					"$(inherited)",
					"@executable_path/Frameworks",
				);
				MARKETING_VERSION = 1.0;
				PRODUCT_BUNDLE_IDENTIFIER = me.yaoning.demo01;
				PRODUCT_NAME = "$(TARGET_NAME)";
				SWIFT_EMIT_LOC_STRINGS = YES;
				SWIFT_VERSION = 5.0;
				TARGETED_DEVICE_FAMILY = "1,2";
			};
			name = Debug;
		};
		BD0FE85C2770A712008A0459 /* Release */ = {
			isa = XCBuildConfiguration;
			buildSettings = {
				ASSETCATALOG_COMPILER_APPICON_NAME = AppIcon;
				ASSETCATALOG_COMPILER_GLOBAL_ACCENT_COLOR_NAME = AccentColor;
				CODE_SIGN_STYLE = Automatic;
				CURRENT_PROJECT_VERSION = 1;
				DEVELOPMENT_ASSET_PATHS = "\"SwiftUI-DouBan/Preview Content\"";
				DEVELOPMENT_TEAM = 75Q47SWD7J;
				ENABLE_PREVIEWS = YES;
				GENERATE_INFOPLIST_FILE = YES;
				INFOPLIST_FILE = "SwiftUI-DouBan/Info.plist";
				INFOPLIST_KEY_UIApplicationSceneManifest_Generation = YES;
				INFOPLIST_KEY_UIApplicationSupportsIndirectInputEvents = YES;
				INFOPLIST_KEY_UILaunchScreen_Generation = YES;
				INFOPLIST_KEY_UISupportedInterfaceOrientations_iPad = "UIInterfaceOrientationPortrait UIInterfaceOrientationPortraitUpsideDown UIInterfaceOrientationLandscapeLeft UIInterfaceOrientationLandscapeRight";
				INFOPLIST_KEY_UISupportedInterfaceOrientations_iPhone = "UIInterfaceOrientationPortrait UIInterfaceOrientationLandscapeLeft UIInterfaceOrientationLandscapeRight";
				IPHONEOS_DEPLOYMENT_TARGET = 14.0;
				LD_RUNPATH_SEARCH_PATHS = (
					"$(inherited)",
					"@executable_path/Frameworks",
				);
				MARKETING_VERSION = 1.0;
				PRODUCT_BUNDLE_IDENTIFIER = me.yaoning.demo01;
				PRODUCT_NAME = "$(TARGET_NAME)";
				SWIFT_EMIT_LOC_STRINGS = YES;
				SWIFT_VERSION = 5.0;
				TARGETED_DEVICE_FAMILY = "1,2";
			};
			name = Release;
		};
/* End XCBuildConfiguration section */

/* Begin XCConfigurationList section */
		BD0FE8472770A711008A0459 /* Build configuration list for PBXProject "SwiftUI-DouBan" */ = {
			isa = XCConfigurationList;
			buildConfigurations = (
				BD0FE8582770A712008A0459 /* Debug */,
				BD0FE8592770A712008A0459 /* Release */,
			);
			defaultConfigurationIsVisible = 0;
			defaultConfigurationName = Release;
		};
		BD0FE85A2770A712008A0459 /* Build configuration list for PBXNativeTarget "SwiftUI-DouBan" */ = {
			isa = XCConfigurationList;
			buildConfigurations = (
				BD0FE85B2770A712008A0459 /* Debug */,
				BD0FE85C2770A712008A0459 /* Release */,
			);
			defaultConfigurationIsVisible = 0;
			defaultConfigurationName = Release;
		};
/* End XCConfigurationList section */
	};
	rootObject = BD0FE8442770A711008A0459 /* Project object */;
}
